
Microsoft Visual Studio Solution File, Format Version 12.00
# Visual Studio Version 16
VisualStudioVersion = 16.0.29025.244
MinimumVisualStudioVersion = 10.0.40219.1
Project("{FAE04EC0-301F-11D3-BF4B-00C04F79EFBC}") = "WinformDonguler", "WinformDonguler\WinformDonguler.csproj", "{EE0124CB-A540-48A7-B397-AA5DCCAFDB3C}"
EndProject
Global
	GlobalSection(SolutionConfigurationPlatforms) = preSolution
		Debug|Any CPU = Debug|Any CPU
		Release|Any CPU = Release|Any CPU
	EndGlobalSection
	GlobalSection(ProjectConfigurationPlatforms) = postSolution
		{EE0124CB-A540-48A7-B397-AA5DCCAFDB3C}.Debug|Any CPU.ActiveCfg = Debug|Any CPU
		{EE0124CB-A540-48A7-B397-AA5DCCAFDB3C}.Debug|Any CPU.Build.0 = Debug|Any CPU
		{EE0124CB-A540-48A7-B397-AA5DCCAFDB3C}.Release|Any CPU.ActiveCfg = Release|Any CPU
		{EE0124CB-A540-48A7-B397-AA5DCCAFDB3C}.Release|Any CPU.Build.0 = Release|Any CPU
	EndGlobalSection
	GlobalSection(SolutionProperties) = preSolution
		HideSolutionNode = FALSE
	EndGlobalSection
	GlobalSection(ExtensibilityGlobals) = postSolution
		SolutionGuid = {F998CB79-481B-4A81-8DB4-D46ADB3B9C94}
	EndGlobalSection
EndGlobal
